
Microsoft Visual Studio Solution File, Format Version 12.00
# Visual Studio Version 17
VisualStudioVersion = 17.9.34728.123
MinimumVisualStudioVersion = 10.0.40219.1
Project("{8BC9CEB8-8B4A-11D0-8D11-00A0C91BC942}") = "CallBackTest", "CallBackTest\CallBackTest.vcxproj", "{09B07F73-855E-480F-89D4-6BEFE8F319A1}"
EndProject
Project("{FAE04EC0-301F-11D3-BF4B-00C04F79EFBC}") = "ConsoleApp2", "ConsoleApp2\ConsoleApp2.csproj", "{16C739A8-C45B-47D4-9C5A-8A36E3B7DCD7}"
EndProject
Global
	GlobalSection(SolutionConfigurationPlatforms) = preSolution
		Debug|Any CPU = Debug|Any CPU
		Debug|x64 = Debug|x64
		Debug|x86 = Debug|x86
		Release|Any CPU = Release|Any CPU
		Release|x64 = Release|x64
		Release|x86 = Release|x86
	EndGlobalSection
	GlobalSection(ProjectConfigurationPlatforms) = postSolution
		{09B07F73-855E-480F-89D4-6BEFE8F319A1}.Debug|Any CPU.ActiveCfg = Debug|x64
		{09B07F73-855E-480F-89D4-6BEFE8F319A1}.Debug|Any CPU.Build.0 = Debug|x64
		{09B07F73-855E-480F-89D4-6BEFE8F319A1}.Debug|x64.ActiveCfg = Debug|x64
		{09B07F73-855E-480F-89D4-6BEFE8F319A1}.Debug|x64.Build.0 = Debug|x64
		{09B07F73-855E-480F-89D4-6BEFE8F319A1}.Debug|x86.ActiveCfg = Debug|Win32
		{09B07F73-855E-480F-89D4-6BEFE8F319A1}.Debug|x86.Build.0 = Debug|Win32
		{09B07F73-855E-480F-89D4-6BEFE8F319A1}.Release|Any CPU.ActiveCfg = Release|x64
		{09B07F73-855E-480F-89D4-6BEFE8F319A1}.Release|Any CPU.Build.0 = Release|x64
		{09B07F73-855E-480F-89D4-6BEFE8F319A1}.Release|x64.ActiveCfg = Release|x64
		{09B07F73-855E-480F-89D4-6BEFE8F319A1}.Release|x64.Build.0 = Release|x64
		{09B07F73-855E-480F-89D4-6BEFE8F319A1}.Release|x86.ActiveCfg = Release|Win32
		{09B07F73-855E-480F-89D4-6BEFE8F319A1}.Release|x86.Build.0 = Release|Win32
		{16C739A8-C45B-47D4-9C5A-8A36E3B7DCD7}.Debug|Any CPU.ActiveCfg = Debug|Any CPU
		{16C739A8-C45B-47D4-9C5A-8A36E3B7DCD7}.Debug|Any CPU.Build.0 = Debug|Any CPU
		{16C739A8-C45B-47D4-9C5A-8A36E3B7DCD7}.Debug|x64.ActiveCfg = Debug|Any CPU
		{16C739A8-C45B-47D4-9C5A-8A36E3B7DCD7}.Debug|x64.Build.0 = Debug|Any CPU
		{16C739A8-C45B-47D4-9C5A-8A36E3B7DCD7}.Debug|x86.ActiveCfg = Debug|Any CPU
		{16C739A8-C45B-47D4-9C5A-8A36E3B7DCD7}.Debug|x86.Build.0 = Debug|Any CPU
		{16C739A8-C45B-47D4-9C5A-8A36E3B7DCD7}.Release|Any CPU.ActiveCfg = Release|Any CPU
		{16C739A8-C45B-47D4-9C5A-8A36E3B7DCD7}.Release|Any CPU.Build.0 = Release|Any CPU
		{16C739A8-C45B-47D4-9C5A-8A36E3B7DCD7}.Release|x64.ActiveCfg = Release|Any CPU
		{16C739A8-C45B-47D4-9C5A-8A36E3B7DCD7}.Release|x64.Build.0 = Release|Any CPU
		{16C739A8-C45B-47D4-9C5A-8A36E3B7DCD7}.Release|x86.ActiveCfg = Release|Any CPU
		{16C739A8-C45B-47D4-9C5A-8A36E3B7DCD7}.Release|x86.Build.0 = Release|Any CPU
	EndGlobalSection
	GlobalSection(SolutionProperties) = preSolution
		HideSolutionNode = FALSE
	EndGlobalSection
	GlobalSection(ExtensibilityGlobals) = postSolution
		SolutionGuid = {3559B568-DAD1-4C8B-B893-3B840B7E2A29}
	EndGlobalSection
EndGlobal
